
Microsoft Visual Studio Solution File, Format Version 12.00
# Visual Studio 15
VisualStudioVersion = 15.0.27428.2027
MinimumVisualStudioVersion = 10.0.40219.1
Project("{FAE04EC0-301F-11D3-BF4B-00C04F79EFBC}") = "MVC_Entity", "MVC_Entity\MVC_Entity.csproj", "{AABC5E7F-5673-4FC1-9B34-CCDA91B8BAEF}"
EndProject
Global
	GlobalSection(SolutionConfigurationPlatforms) = preSolution
		Debug|Any CPU = Debug|Any CPU
		Release|Any CPU = Release|Any CPU
	EndGlobalSection
	GlobalSection(ProjectConfigurationPlatforms) = postSolution
		{AABC5E7F-5673-4FC1-9B34-CCDA91B8BAEF}.Debug|Any CPU.ActiveCfg = Debug|Any CPU
		{AABC5E7F-5673-4FC1-9B34-CCDA91B8BAEF}.Debug|Any CPU.Build.0 = Debug|Any CPU
		{AABC5E7F-5673-4FC1-9B34-CCDA91B8BAEF}.Release|Any CPU.ActiveCfg = Release|Any CPU
		{AABC5E7F-5673-4FC1-9B34-CCDA91B8BAEF}.Release|Any CPU.Build.0 = Release|Any CPU
	EndGlobalSection
	GlobalSection(SolutionProperties) = preSolution
		HideSolutionNode = FALSE
	EndGlobalSection
	GlobalSection(ExtensibilityGlobals) = postSolution
		SolutionGuid = {666410C7-A521-4B95-9077-053403B640BA}
	EndGlobalSection
EndGlobal
